{
    "_meta": {
        "hash": {
            "sha256": "29ecb92566c7763a731ff0f2be14b91544ef4ebf7ddb84d5c4df54f03d1adf7a"
        },
        "pipfile-spec": 6,
        "requires": {
            "python_version": "3.10"
        },
        "sources": [
            {
                "name": "pypi",
                "url": "https://pypi.org/simple",
                "verify_ssl": true
            }
        ]
    },
    "default": {
        "anyio": {
            "hashes": [
                "sha256:413adf95f93886e442aea925f3ee43baa5a765a64a0f52c6081894f9992fdd0b",
                "sha256:cb29b9c70620506a9a8f87a309591713446953302d7d995344d0d7c6c0c9a7be"
            ],
            "markers": "python_full_version >= '3.6.2'",
            "version": "==3.6.1"
        },
        "appdirs": {
            "hashes": [
                "sha256:7d5d0167b2b1ba821647616af46a749d1c653740dd0d2415100fe26e27afdf41",
                "sha256:a841dacd6b99318a741b166adb07e19ee71a274450e68237b4650ca1055ab128"
            ],
            "version": "==1.4.4"
        },
        "arrow": {
            "hashes": [
                "sha256:05caf1fd3d9a11a1135b2b6f09887421153b94558e5ef4d090b567b47173ac2b",
                "sha256:d622c46ca681b5b3e3574fcb60a04e5cc81b9625112d5fb2b44220c36c892177"
            ],
            "index": "pypi",
            "version": "==1.2.2"
        },
        "async-generator": {
            "hashes": [
                "sha256:01c7bf666359b4967d2cda0000cc2e4af16a0ae098cbffcb8472fb9e8ad6585b",
                "sha256:6ebb3d106c12920aaae42ccb6f787ef5eefdcdd166ea3d628fa8476abe712144"
            ],
            "markers": "python_version >= '3.5'",
            "version": "==1.10"
        },
        "attrs": {
            "hashes": [
                "sha256:2d27e3784d7a565d36ab851fe94887c5eccd6a463168875832a1be79c82828b4",
                "sha256:626ba8234211db98e869df76230a137c4c40a12d72445c45d5f5b716f076e2fd"
            ],
            "markers": "python_version >= '2.7' and python_version not in '3.0, 3.1, 3.2, 3.3, 3.4'",
            "version": "==21.4.0"
        },
        "beautifulsoup4": {
            "hashes": [
                "sha256:58d5c3d29f5a36ffeb94f02f0d786cd53014cf9b3b3951d42e0080d8a9498d30",
                "sha256:ad9aa55b65ef2808eb405f46cf74df7fcb7044d5cbc26487f96eb2ef2e436693"
            ],
            "markers": "python_full_version >= '3.6.0'",
            "version": "==4.11.1"
        },
        "bs4": {
            "hashes": [
                "sha256:36ecea1fd7cc5c0c6e4a1ff075df26d50da647b75376626cc186e2212886dd3a"
            ],
            "index": "pypi",
            "version": "==0.0.1"
        },
        "cattrs": {
            "hashes": [
                "sha256:94b67b64cf92c994f8784c40c082177dc916e0489a73a9a36b24eb18a9db40c6",
                "sha256:d55c477b4672f93606e992049f15d526dc7867e6c756cd6256d4af92e2b1e364"
            ],
            "markers": "python_version >= '3.7' and python_version < '4.0'",
            "version": "==22.1.0"
        },
        "certifi": {
            "hashes": [
                "sha256:84c85a9078b11105f04f3036a9482ae10e4621616db313fe045dd24743a0820d",
                "sha256:fe86415d55e84719d75f8b69414f6438ac3547d2078ab91b67e779ef69378412"
            ],
            "markers": "python_full_version >= '3.6.0'",
            "version": "==2022.6.15"
        },
        "charset-normalizer": {
            "hashes": [
                "sha256:5a3d016c7c547f69d6f81fb0db9449ce888b418b5b9952cc5e6e66843e9dd845",
                "sha256:83e9a75d1911279afd89352c68b45348559d1fc0506b054b346651b5e7fee29f"
            ],
            "markers": "python_full_version >= '3.6.0'",
            "version": "==2.1.1"
        },
        "exceptiongroup": {
            "hashes": [
                "sha256:6990c24f06b8d33c8065cfe43e5e8a4bfa384e0358be036af9cc60b6321bd11a",
                "sha256:ab0a968e1ef769e55d9a596f4a89f7be9ffedbc9fdefdb77cc68cf5c33ce1035"
            ],
            "markers": "python_full_version >= '3.10.0' and python_full_version < '4.0.0'",
            "version": "==1.0.0rc8"
        },
        "fastapi": {
            "hashes": [
                "sha256:15fcabd5c78c266fa7ae7d8de9b384bfc2375ee0503463a6febbe3bab69d6f65",
                "sha256:3233d4a789ba018578658e2af1a4bb5e38bdd122ff722b313666a9b2c6786a83"
            ],
            "index": "pypi",
            "version": "==0.78.0"
        },
        "h11": {
            "hashes": [
                "sha256:70813c1135087a248a4d38cc0e1a0181ffab2188141a93eaf567940c3957ff06",
                "sha256:8ddd78563b633ca55346c8cd41ec0af27d3c79931828beffb46ce70a379e7442"
            ],
            "markers": "python_full_version >= '3.6.0'",
            "version": "==0.13.0"
        },
        "ics": {
            "hashes": [
                "sha256:5fcf4d29ec6e7dfcb84120abd617bbba632eb77b097722b7df70e48dbcf26103",
                "sha256:6743539bca10391635249b87d74fcd1094af20b82098bebf7c7521df91209f05",
                "sha256:da352bdf8418619dc93611e6d251f3cefbb42664777f6e00b580a722098124b7"
            ],
            "index": "pypi",
            "version": "==0.7.2"
        },
        "idna": {
            "hashes": [
                "sha256:84d9dd047ffa80596e0f246e2eab0b391788b0503584e8945f2368256d2735ff",
                "sha256:9d643ff0a55b762d5cdb124b8eaa99c66322e2157b69160bc32796e824360e6d"
            ],
            "markers": "python_version >= '3.5'",
            "version": "==3.3"
        },
        "mypy": {
            "hashes": [
                "sha256:006be38474216b833eca29ff6b73e143386f352e10e9c2fbe76aa8549e5554f5",
                "sha256:03c6cc893e7563e7b2949b969e63f02c000b32502a1b4d1314cabe391aa87d66",
                "sha256:0e9f70df36405c25cc530a86eeda1e0867863d9471fe76d1273c783df3d35c2e",
                "sha256:1ece702f29270ec6af25db8cf6185c04c02311c6bb21a69f423d40e527b75c56",
                "sha256:3e09f1f983a71d0672bbc97ae33ee3709d10c779beb613febc36805a6e28bb4e",
                "sha256:439c726a3b3da7ca84a0199a8ab444cd8896d95012c4a6c4a0d808e3147abf5d",
                "sha256:5a0b53747f713f490affdceef835d8f0cb7285187a6a44c33821b6d1f46ed813",
                "sha256:5f1332964963d4832a94bebc10f13d3279be3ce8f6c64da563d6ee6e2eeda932",
                "sha256:63e85a03770ebf403291ec50097954cc5caf2a9205c888ce3a61bd3f82e17569",
                "sha256:64759a273d590040a592e0f4186539858c948302c653c2eac840c7a3cd29e51b",
                "sha256:697540876638ce349b01b6786bc6094ccdaba88af446a9abb967293ce6eaa2b0",
                "sha256:9940e6916ed9371809b35b2154baf1f684acba935cd09928952310fbddaba648",
                "sha256:9f5f5a74085d9a81a1f9c78081d60a0040c3efb3f28e5c9912b900adf59a16e6",
                "sha256:a5ea0875a049de1b63b972456542f04643daf320d27dc592d7c3d9cd5d9bf950",
                "sha256:b117650592e1782819829605a193360a08aa99f1fc23d1d71e1a75a142dc7e15",
                "sha256:b24be97351084b11582fef18d79004b3e4db572219deee0212078f7cf6352723",
                "sha256:b88f784e9e35dcaa075519096dc947a388319cb86811b6af621e3523980f1c8a",
                "sha256:bdd5ca340beffb8c44cb9dc26697628d1b88c6bddf5c2f6eb308c46f269bb6f3",
                "sha256:d5aaf1edaa7692490f72bdb9fbd941fbf2e201713523bdb3f4038be0af8846c6",
                "sha256:e999229b9f3198c0c880d5e269f9f8129c8862451ce53a011326cad38b9ccd24",
                "sha256:f4a21d01fc0ba4e31d82f0fff195682e29f9401a8bdb7173891070eb260aeb3b",
                "sha256:f4b794db44168a4fc886e3450201365c9526a522c46ba089b55e1f11c163750d",
                "sha256:f730d56cb924d371c26b8eaddeea3cc07d78ff51c521c6d04899ac6904b75492"
            ],
            "index": "pypi",
            "version": "==0.961"
        },
        "mypy-extensions": {
            "hashes": [
                "sha256:090fedd75945a69ae91ce1303b5824f428daf5a028d2f6ab8a299250a846f15d",
                "sha256:2d82818f5bb3e369420cb3c4060a7970edba416647068eb4c5343488a6c604a8"
            ],
            "version": "==0.4.3"
        },
        "outcome": {
            "hashes": [
                "sha256:6f82bd3de45da303cf1f771ecafa1633750a358436a8bb60e06a1ceb745d2672",
                "sha256:c4ab89a56575d6d38a05aa16daeaa333109c1f96167aba8901ab18b6b5e0f7f5"
            ],
            "markers": "python_version >= '3.7'",
            "version": "==1.2.0"
        },
        "pybrowsers": {
            "hashes": [
                "sha256:4f2fe7e3afbaa54af7c170a9fa2c04c1108baf29ed5988d483bf816a04e109cc",
                "sha256:58326ca65a5053676309443244df4fd1e1d62af05e8265602214894efb31c073"
            ],
            "markers": "python_version >= '3.7' and python_version < '4.0'",
            "version": "==0.5.1"
        },
        "pydantic": {
            "hashes": [
                "sha256:02eefd7087268b711a3ff4db528e9916ac9aa18616da7bca69c1871d0b7a091f",
                "sha256:059b6c1795170809103a1538255883e1983e5b831faea6558ef873d4955b4a74",
                "sha256:0bf07cab5b279859c253d26a9194a8906e6f4a210063b84b433cf90a569de0c1",
                "sha256:1542636a39c4892c4f4fa6270696902acb186a9aaeac6f6cf92ce6ae2e88564b",
                "sha256:177071dfc0df6248fd22b43036f936cfe2508077a72af0933d0c1fa269b18537",
                "sha256:18f3e912f9ad1bdec27fb06b8198a2ccc32f201e24174cec1b3424dda605a310",
                "sha256:1dd8fecbad028cd89d04a46688d2fcc14423e8a196d5b0a5c65105664901f810",
                "sha256:1ed987c3ff29fff7fd8c3ea3a3ea877ad310aae2ef9889a119e22d3f2db0691a",
                "sha256:447d5521575f18e18240906beadc58551e97ec98142266e521c34968c76c8761",
                "sha256:494f7c8537f0c02b740c229af4cb47c0d39840b829ecdcfc93d91dcbb0779892",
                "sha256:4988c0f13c42bfa9ddd2fe2f569c9d54646ce84adc5de84228cfe83396f3bd58",
                "sha256:4ce9ae9e91f46c344bec3b03d6ee9612802682c1551aaf627ad24045ce090761",
                "sha256:5d93d4e95eacd313d2c765ebe40d49ca9dd2ed90e5b37d0d421c597af830c195",
                "sha256:61b6760b08b7c395975d893e0b814a11cf011ebb24f7d869e7118f5a339a82e1",
                "sha256:72ccb318bf0c9ab97fc04c10c37683d9eea952ed526707fabf9ac5ae59b701fd",
                "sha256:79b485767c13788ee314669008d01f9ef3bc05db9ea3298f6a50d3ef596a154b",
                "sha256:7eb57ba90929bac0b6cc2af2373893d80ac559adda6933e562dcfb375029acee",
                "sha256:8bc541a405423ce0e51c19f637050acdbdf8feca34150e0d17f675e72d119580",
                "sha256:969dd06110cb780da01336b281f53e2e7eb3a482831df441fb65dd30403f4608",
                "sha256:985ceb5d0a86fcaa61e45781e567a59baa0da292d5ed2e490d612d0de5796918",
                "sha256:9bcf8b6e011be08fb729d110f3e22e654a50f8a826b0575c7196616780683380",
                "sha256:9ce157d979f742a915b75f792dbd6aa63b8eccaf46a1005ba03aa8a986bde34a",
                "sha256:9f659a5ee95c8baa2436d392267988fd0f43eb774e5eb8739252e5a7e9cf07e0",
                "sha256:a4a88dcd6ff8fd47c18b3a3709a89adb39a6373f4482e04c1b765045c7e282fd",
                "sha256:a955260d47f03df08acf45689bd163ed9df82c0e0124beb4251b1290fa7ae728",
                "sha256:a9af62e9b5b9bc67b2a195ebc2c2662fdf498a822d62f902bf27cccb52dbbf49",
                "sha256:ae72f8098acb368d877b210ebe02ba12585e77bd0db78ac04a1ee9b9f5dd2166",
                "sha256:b83ba3825bc91dfa989d4eed76865e71aea3a6ca1388b59fc801ee04c4d8d0d6",
                "sha256:c11951b404e08b01b151222a1cb1a9f0a860a8153ce8334149ab9199cd198131",
                "sha256:c320c64dd876e45254bdd350f0179da737463eea41c43bacbee9d8c9d1021f11",
                "sha256:c8098a724c2784bf03e8070993f6d46aa2eeca031f8d8a048dff277703e6e193",
                "sha256:d12f96b5b64bec3f43c8e82b4aab7599d0157f11c798c9f9c528a72b9e0b339a",
                "sha256:e565a785233c2d03724c4dc55464559639b1ba9ecf091288dd47ad9c629433bd",
                "sha256:f0f047e11febe5c3198ed346b507e1d010330d56ad615a7e0a89fae604065a0e",
                "sha256:fe4670cb32ea98ffbf5a1262f14c3e102cccd92b1869df3bb09538158ba90fe6"
            ],
            "index": "pypi",
            "version": "==1.9.1"
        },
        "pysocks": {
            "hashes": [
                "sha256:08e69f092cc6dbe92a0fdd16eeb9b9ffbc13cadfe5ca4c7bd92ffb078b293299",
                "sha256:2725bd0a9925919b9b51739eea5f9e2bae91e83288108a9ad338b2e3a4435ee5",
                "sha256:3f8804571ebe159c380ac6de37643bb4685970655d3bba243530d6558b799aa0"
            ],
            "version": "==1.7.1"
        },
        "python-dateutil": {
            "hashes": [
                "sha256:0123cacc1627ae19ddf3c27a5de5bd67ee4586fbdd6440d9748f8abb483d3e86",
                "sha256:961d03dc3453ebbc59dbdea9e4e11c5651520a876d0f4db161e8674aae935da9"
            ],
            "index": "pypi",
            "version": "==2.8.2"
        },
        "python-dotenv": {
            "hashes": [
                "sha256:b7e3b04a59693c42c36f9ab1cc2acc46fa5df8c78e178fc33a8d4cd05c8d498f",
                "sha256:d92a187be61fe482e4fd675b6d52200e7be63a12b724abbf931a40ce4fa92938"
            ],
            "markers": "python_version >= '3.5'",
            "version": "==0.20.0"
        },
        "pyxdg": {
            "hashes": [
                "sha256:3267bb3074e934df202af2ee0868575484108581e6f3cb006af1da35395e88b4",
                "sha256:bdaf595999a0178ecea4052b7f4195569c1ff4d344567bccdc12dfdf02d545ab"
            ],
            "markers": "sys_platform == 'linux'",
            "version": "==0.28"
        },
        "requests": {
            "hashes": [
                "sha256:7c5599b102feddaa661c826c56ab4fee28bfd17f5abca1ebbe3e7f19d7c97983",
                "sha256:8fefa2a1a1365bf5520aac41836fbee479da67864514bdb821f31ce07ce65349"
            ],
            "index": "pypi",
            "version": "==2.28.1"
        },
        "requests-cache": {
            "hashes": [
                "sha256:5343132acc8ca4d7810305aa1e8e46367e9c7c8379f7aea4e8c05f401499fc43",
                "sha256:bd67575f541f9c10f44f8b49d8d449fb55db8af2e27d93c56349f227b78e4b70"
            ],
            "index": "pypi",
            "version": "==0.9.5"
        },
        "selenium": {
            "hashes": [
                "sha256:ca6ed4a58a426bb40bf5aa2b027ce211cc5200f1acdcdfb8258b32b24624150c"
            ],
            "index": "pypi",
            "version": "==4.4.3"
        },
        "six": {
            "hashes": [
                "sha256:1e61c37477a1626458e36f7b1d82aa5c9b094fa4802892072e49de9c60c4c926",
                "sha256:8abb2f1d86890a2dfb989f9a77cfcfd3e47c2a354b01111771326f8aa26e0254"
            ],
            "markers": "python_version >= '2.7' and python_version not in '3.0, 3.1, 3.2, 3.3'",
            "version": "==1.16.0"
        },
        "sniffio": {
            "hashes": [
                "sha256:471b71698eac1c2112a40ce2752bb2f4a4814c22a54a3eed3676bc0f5ca9f663",
                "sha256:c4666eecec1d3f50960c6bdf61ab7bc350648da6c126e3cf6898d8cd4ddcd3de"
            ],
            "markers": "python_version >= '3.5'",
            "version": "==1.2.0"
        },
        "sortedcontainers": {
            "hashes": [
                "sha256:25caa5a06cc30b6b83d11423433f65d1f9d76c4c6a0c90e3379eaa43b9bfdb88",
                "sha256:a163dcaede0f1c021485e957a39245190e74249897e2ae4b2aa38595db237ee0"
            ],
            "version": "==2.4.0"
        },
        "soupsieve": {
            "hashes": [
                "sha256:3b2503d3c7084a42b1ebd08116e5f81aadfaea95863628c80a3b774a11b7c759",
                "sha256:fc53893b3da2c33de295667a0e19f078c14bf86544af307354de5fcf12a3f30d"
            ],
            "markers": "python_full_version >= '3.6.0'",
            "version": "==2.3.2.post1"
        },
        "starlette": {
            "hashes": [
                "sha256:5a60c5c2d051f3a8eb546136aa0c9399773a689595e099e0877704d5888279bf",
                "sha256:c6d21096774ecb9639acad41b86b7706e52ba3bf1dc13ea4ed9ad593d47e24c7"
            ],
            "markers": "python_full_version >= '3.6.0'",
            "version": "==0.19.1"
        },
        "strictyaml": {
            "hashes": [
                "sha256:688be16ee5d1a2f94aa4abdc6d881e8e254d173d724ac88725955fe66bdb63d4"
            ],
            "index": "pypi",
            "version": "==1.6.1"
        },
        "tatsu": {
            "hashes": [
                "sha256:0a836692e67247cad9f251e083b045b13345cc715e69a7fbc16522beaa0f2163",
                "sha256:571ecbcdf33b7828c05e5cd95a8e8ad06af111c2c83a6a245be4d8f7c43de7bb"
            ],
            "markers": "python_version >= '3.8'",
            "version": "==5.8.3"
        },
        "tomli": {
            "hashes": [
                "sha256:939de3e7a6161af0c887ef91b7d41a53e7c5a1ca976325f429cb46ea9bc30ecc",
                "sha256:de526c12914f0c550d15924c62d72abc48d6fe7364aa87328337a31007fe8a4f"
            ],
            "markers": "python_version < '3.11'",
            "version": "==2.0.1"
        },
        "tqdm": {
            "hashes": [
                "sha256:40be55d30e200777a307a7585aee69e4eabb46b4ec6a4b4a5f2d9f11e7d5408d",
                "sha256:74a2cdefe14d11442cedf3ba4e21a3b84ff9a2dbdc6cfae2c34addb2a14a5ea6"
            ],
            "index": "pypi",
            "version": "==4.64.0"
        },
        "trio": {
            "hashes": [
                "sha256:4dc0bf9d5cc78767fc4516325b6d80cc0968705a31d0eec2ecd7cdda466265b0",
                "sha256:523f39b7b69eef73501cebfe1aafd400a9aad5b03543a0eded52952488ff1c13"
            ],
            "markers": "python_version >= '3.7'",
            "version": "==0.21.0"
        },
        "trio-websocket": {
            "hashes": [
                "sha256:5b558f6e83cc20a37c3b61202476c5295d1addf57bd65543364e0337e37ed2bc",
                "sha256:a3d34de8fac26023eee701ed1e7bf4da9a8326b61a62934ec9e53b64970fd8fe"
            ],
            "markers": "python_version >= '3.5'",
            "version": "==0.9.2"
        },
        "typing-extensions": {
            "hashes": [
                "sha256:25642c956049920a5aa49edcdd6ab1e06d7e5d467fc00e0506c44ac86fbfca02",
                "sha256:e6d2677a32f47fc7eb2795db1dd15c1f34eff616bcaf2cfb5e997f854fa1c4a6"
            ],
            "markers": "python_version >= '3.7'",
            "version": "==4.3.0"
        },
        "url-normalize": {
            "hashes": [
                "sha256:d23d3a070ac52a67b83a1c59a0e68f8608d1cd538783b401bc9de2c0fac999b2",
                "sha256:ec3c301f04e5bb676d333a7fa162fa977ad2ca04b7e652bfc9fac4e405728eed"
            ],
            "markers": "python_version >= '2.7' and python_version not in '3.0, 3.1, 3.2, 3.3, 3.4, 3.5'",
            "version": "==1.4.3"
        },
        "urllib3": {
            "extras": [
                "socks"
            ],
            "hashes": [
                "sha256:c33ccba33c819596124764c23a97d25f32b28433ba0dedeb77d873a38722c9bc",
                "sha256:ea6e8fb210b19d950fab93b60c9009226c63a28808bc8386e05301e25883ac0a"
            ],
            "markers": "python_version >= '2.7' and python_version not in '3.0, 3.1, 3.2, 3.3, 3.4, 3.5' and python_version < '4.0'",
            "version": "==1.26.11"
        },
        "webdriver-manager": {
            "hashes": [
                "sha256:e2734eeae9132b3afb20d16048ba504a4c3ff0fbbc6644133ba066ab405938ba",
                "sha256:e4fc5a7e2b404bb75a30ebfada65dfc612918196e88ccda84c168fcec4c5f376"
            ],
            "index": "pypi",
            "version": "==3.8.0"
        },
        "wsproto": {
            "hashes": [
                "sha256:2218cb57952d90b9fca325c0dcfb08c3bda93e8fd8070b0a17f048e2e47a521b",
                "sha256:a2e56bfd5c7cd83c1369d83b5feccd6d37798b74872866e62616e0ecf111bda8"
            ],
            "markers": "python_version >= '3.7'",
            "version": "==1.1.0"
        }
    },
    "develop": {
        "click": {
            "hashes": [
                "sha256:7682dc8afb30297001674575ea00d1814d808d6a36af415a82bd481d37ba7b8e",
                "sha256:bb4d8133cb15a609f44e8213d9b391b0809795062913b383c62be0ee95b1db48"
            ],
            "markers": "python_version >= '3.7'",
            "version": "==8.1.3"
        },
        "h11": {
            "hashes": [
                "sha256:70813c1135087a248a4d38cc0e1a0181ffab2188141a93eaf567940c3957ff06",
                "sha256:8ddd78563b633ca55346c8cd41ec0af27d3c79931828beffb46ce70a379e7442"
            ],
            "markers": "python_full_version >= '3.6.0'",
            "version": "==0.13.0"
        },
        "numpy": {
            "hashes": [
                "sha256:17e5226674f6ea79e14e3b91bfbc153fdf3ac13f5cc54ee7bc8fdbe820a32da0",
                "sha256:2bd879d3ca4b6f39b7770829f73278b7c5e248c91d538aab1e506c628353e47f",
                "sha256:4f41f5bf20d9a521f8cab3a34557cd77b6f205ab2116651f12959714494268b0",
                "sha256:5593f67e66dea4e237f5af998d31a43e447786b2154ba1ad833676c788f37cde",
                "sha256:5e28cd64624dc2354a349152599e55308eb6ca95a13ce6a7d5679ebff2962913",
                "sha256:633679a472934b1c20a12ed0c9a6c9eb167fbb4cb89031939bfd03dd9dbc62b8",
                "sha256:806970e69106556d1dd200e26647e9bee5e2b3f1814f9da104a943e8d548ca38",
                "sha256:806cc25d5c43e240db709875e947076b2826f47c2c340a5a2f36da5bb10c58d6",
                "sha256:8247f01c4721479e482cc2f9f7d973f3f47810cbc8c65e38fd1bbd3141cc9842",
                "sha256:8ebf7e194b89bc66b78475bd3624d92980fca4e5bb86dda08d677d786fefc414",
                "sha256:8ecb818231afe5f0f568c81f12ce50f2b828ff2b27487520d85eb44c71313b9e",
                "sha256:8f9d84a24889ebb4c641a9b99e54adb8cab50972f0166a3abc14c3b93163f074",
                "sha256:909c56c4d4341ec8315291a105169d8aae732cfb4c250fbc375a1efb7a844f8f",
                "sha256:9b83d48e464f393d46e8dd8171687394d39bc5abfe2978896b77dc2604e8635d",
                "sha256:ac987b35df8c2a2eab495ee206658117e9ce867acf3ccb376a19e83070e69418",
                "sha256:b78d00e48261fbbd04aa0d7427cf78d18401ee0abd89c7559bbf422e5b1c7d01",
                "sha256:b8b97a8a87cadcd3f94659b4ef6ec056261fa1e1c3317f4193ac231d4df70215",
                "sha256:bd5b7ccae24e3d8501ee5563e82febc1771e73bd268eef82a1e8d2b4d556ae66",
                "sha256:bdc02c0235b261925102b1bd586579b7158e9d0d07ecb61148a1799214a4afd5",
                "sha256:be6b350dfbc7f708d9d853663772a9310783ea58f6035eec649fb9c4371b5389",
                "sha256:c403c81bb8ffb1c993d0165a11493fd4bf1353d258f6997b3ee288b0a48fce77",
                "sha256:cf8c6aed12a935abf2e290860af8e77b26a042eb7f2582ff83dc7ed5f963340c",
                "sha256:d98addfd3c8728ee8b2c49126f3c44c703e2b005d4a95998e2167af176a9e722",
                "sha256:dc76bca1ca98f4b122114435f83f1fcf3c0fe48e4e6f660e07996abf2f53903c",
                "sha256:dec198619b7dbd6db58603cd256e092bcadef22a796f778bf87f8592b468441d",
                "sha256:df28dda02c9328e122661f399f7655cdcbcf22ea42daa3650a26bce08a187450",
                "sha256:e603ca1fb47b913942f3e660a15e55a9ebca906857edfea476ae5f0fe9b457d5",
                "sha256:ecfdd68d334a6b97472ed032b5b37a30d8217c097acfff15e8452c710e775524"
            ],
            "markers": "python_version >= '3.10'",
            "version": "==1.23.2"
        },
        "pandas": {
            "hashes": [
                "sha256:07238a58d7cbc8a004855ade7b75bbd22c0db4b0ffccc721556bab8a095515f6",
                "sha256:0daf876dba6c622154b2e6741f29e87161f844e64f84801554f879d27ba63c0d",
                "sha256:16ad23db55efcc93fa878f7837267973b61ea85d244fc5ff0ccbcfa5638706c5",
                "sha256:1d9382f72a4f0e93909feece6fef5500e838ce1c355a581b3d8f259839f2ea76",
                "sha256:24ea75f47bbd5574675dae21d51779a4948715416413b30614c1e8b480909f81",
                "sha256:2893e923472a5e090c2d5e8db83e8f907364ec048572084c7d10ef93546be6d1",
                "sha256:2ff7788468e75917574f080cd4681b27e1a7bf36461fe968b49a87b5a54d007c",
                "sha256:41fc406e374590a3d492325b889a2686b31e7a7780bec83db2512988550dadbf",
                "sha256:48350592665ea3cbcd07efc8c12ff12d89be09cd47231c7925e3b8afada9d50d",
                "sha256:605d572126eb4ab2eadf5c59d5d69f0608df2bf7bcad5c5880a47a20a0699e3e",
                "sha256:6dfbf16b1ea4f4d0ee11084d9c026340514d1d30270eaa82a9f1297b6c8ecbf0",
                "sha256:6f803320c9da732cc79210d7e8cc5c8019aad512589c910c66529eb1b1818230",
                "sha256:721a3dd2f06ef942f83a819c0f3f6a648b2830b191a72bbe9451bcd49c3bd42e",
                "sha256:755679c49460bd0d2f837ab99f0a26948e68fa0718b7e42afbabd074d945bf84",
                "sha256:78b00429161ccb0da252229bcda8010b445c4bf924e721265bec5a6e96a92e92",
                "sha256:958a0588149190c22cdebbc0797e01972950c927a11a900fe6c2296f207b1d6f",
                "sha256:a3924692160e3d847e18702bb048dc38e0e13411d2b503fecb1adf0fcf950ba4",
                "sha256:d51674ed8e2551ef7773820ef5dab9322be0828629f2cbf8d1fc31a0c4fed640",
                "sha256:d5ebc990bd34f4ac3c73a2724c2dcc9ee7bf1ce6cf08e87bb25c6ad33507e318",
                "sha256:d6c0106415ff1a10c326c49bc5dd9ea8b9897a6ca0c8688eb9c30ddec49535ef",
                "sha256:e48fbb64165cda451c06a0f9e4c7a16b534fcabd32546d531b3c240ce2844112"
            ],
            "index": "pypi",
            "version": "==1.4.3"
        },
        "python-dateutil": {
            "hashes": [
                "sha256:0123cacc1627ae19ddf3c27a5de5bd67ee4586fbdd6440d9748f8abb483d3e86",
                "sha256:961d03dc3453ebbc59dbdea9e4e11c5651520a876d0f4db161e8674aae935da9"
            ],
            "index": "pypi",
            "version": "==2.8.2"
        },
        "pytz": {
            "hashes": [
                "sha256:220f481bdafa09c3955dfbdddb7b57780e9a94f5127e35456a48589b9e0c0197",
                "sha256:cea221417204f2d1a2aa03ddae3e867921971d0d76f14d87abb4414415bbdcf5"
            ],
            "version": "==2022.2.1"
        },
        "six": {
            "hashes": [
                "sha256:1e61c37477a1626458e36f7b1d82aa5c9b094fa4802892072e49de9c60c4c926",
                "sha256:8abb2f1d86890a2dfb989f9a77cfcfd3e47c2a354b01111771326f8aa26e0254"
            ],
            "markers": "python_version >= '2.7' and python_version not in '3.0, 3.1, 3.2, 3.3'",
            "version": "==1.16.0"
        },
        "uvicorn": {
            "hashes": [
                "sha256:c19a057deb1c5bb060946e2e5c262fc01590c6529c0af2c3d9ce941e89bc30e0",
                "sha256:cade07c403c397f9fe275492a48c1b869efd175d5d8a692df649e6e7e2ed8f4e"
            ],
            "index": "pypi",
            "version": "==0.18.2"
        }
    }
}
